// !$*UTF8*$!
{
	archiveVersion = 1;
	classes = {
	};
	objectVersion = 56;
	objects = {

/* Begin PBXBuildFile section */
		764A15692CC68C0F0037F29F /* Description.swift in Sources */ = {isa = PBXBuildFile; fileRef = 764A15682CC68C0F0037F29F /* Description.swift */; };
		764A156B2CC68D710037F29F /* DescriptionViewModel.swift in Sources */ = {isa = PBXBuildFile; fileRef = 764A156A2CC68D710037F29F /* DescriptionViewModel.swift */; };
		764A156D2CC6A1FE0037F29F /* DescriptionView.swift in Sources */ = {isa = PBXBuildFile; fileRef = 764A156C2CC6A1FE0037F29F /* DescriptionView.swift */; };
		764A156F2CC7C8780037F29F /* Sample.swift in Sources */ = {isa = PBXBuildFile; fileRef = 764A156E2CC7C8780037F29F /* Sample.swift */; };
		764A15712CC7DDDA0037F29F /* SampleView.swift in Sources */ = {isa = PBXBuildFile; fileRef = 764A15702CC7DDDA0037F29F /* SampleView.swift */; };
		766059722C9DB29000E0386D /* Wordy_MusicApp.swift in Sources */ = {isa = PBXBuildFile; fileRef = 766059712C9DB29000E0386D /* Wordy_MusicApp.swift */; };
		766059742C9DB29000E0386D /* ContentView.swift in Sources */ = {isa = PBXBuildFile; fileRef = 766059732C9DB29000E0386D /* ContentView.swift */; };
		766059762C9DB29100E0386D /* Assets.xcassets in Resources */ = {isa = PBXBuildFile; fileRef = 766059752C9DB29100E0386D /* Assets.xcassets */; };
		766059792C9DB29100E0386D /* Preview Assets.xcassets in Resources */ = {isa = PBXBuildFile; fileRef = 766059782C9DB29100E0386D /* Preview Assets.xcassets */; };
		E93AB94E2CC91CA800182AFD /* ProfilViewModel.swift in Sources */ = {isa = PBXBuildFile; fileRef = E93AB94D2CC91CA800182AFD /* ProfilViewModel.swift */; };
		E93AB9502CC91CE600182AFD /* ProfilView.swift in Sources */ = {isa = PBXBuildFile; fileRef = E93AB94F2CC91CE600182AFD /* ProfilView.swift */; };
		E93AB9522CC91D0300182AFD /* ProfilModel.swift in Sources */ = {isa = PBXBuildFile; fileRef = E93AB9512CC91D0300182AFD /* ProfilModel.swift */; };
		E9AB0B0E2CC91A9600A8759F /* Accueil.swift in Sources */ = {isa = PBXBuildFile; fileRef = E9AB0B0D2CC91A9600A8759F /* Accueil.swift */; };
/* End PBXBuildFile section */

/* Begin PBXFileReference section */
		764A15682CC68C0F0037F29F /* Description.swift */ = {isa = PBXFileReference; lastKnownFileType = sourcecode.swift; path = Description.swift; sourceTree = "<group>"; };
		764A156A2CC68D710037F29F /* DescriptionViewModel.swift */ = {isa = PBXFileReference; lastKnownFileType = sourcecode.swift; path = DescriptionViewModel.swift; sourceTree = "<group>"; };
		764A156C2CC6A1FE0037F29F /* DescriptionView.swift */ = {isa = PBXFileReference; lastKnownFileType = sourcecode.swift; path = DescriptionView.swift; sourceTree = "<group>"; };
		764A156E2CC7C8780037F29F /* Sample.swift */ = {isa = PBXFileReference; lastKnownFileType = sourcecode.swift; path = Sample.swift; sourceTree = "<group>"; };
		764A15702CC7DDDA0037F29F /* SampleView.swift */ = {isa = PBXFileReference; lastKnownFileType = sourcecode.swift; path = SampleView.swift; sourceTree = "<group>"; };
		7660596E2C9DB29000E0386D /* Wordy-Music.app */ = {isa = PBXFileReference; explicitFileType = wrapper.application; includeInIndex = 0; path = "Wordy-Music.app"; sourceTree = BUILT_PRODUCTS_DIR; };
		766059712C9DB29000E0386D /* Wordy_MusicApp.swift */ = {isa = PBXFileReference; lastKnownFileType = sourcecode.swift; path = Wordy_MusicApp.swift; sourceTree = "<group>"; };
		766059732C9DB29000E0386D /* ContentView.swift */ = {isa = PBXFileReference; lastKnownFileType = sourcecode.swift; path = ContentView.swift; sourceTree = "<group>"; };
		766059752C9DB29100E0386D /* Assets.xcassets */ = {isa = PBXFileReference; lastKnownFileType = folder.assetcatalog; path = Assets.xcassets; sourceTree = "<group>"; };
		766059782C9DB29100E0386D /* Preview Assets.xcassets */ = {isa = PBXFileReference; lastKnownFileType = folder.assetcatalog; path = "Preview Assets.xcassets"; sourceTree = "<group>"; };
		E93AB94D2CC91CA800182AFD /* ProfilViewModel.swift */ = {isa = PBXFileReference; lastKnownFileType = sourcecode.swift; name = ProfilViewModel.swift; path = ../ProfilViewModel.swift; sourceTree = "<group>"; };
		E93AB94F2CC91CE600182AFD /* ProfilView.swift */ = {isa = PBXFileReference; lastKnownFileType = sourcecode.swift; name = ProfilView.swift; path = ../ProfilView.swift; sourceTree = "<group>"; };
		E93AB9512CC91D0300182AFD /* ProfilModel.swift */ = {isa = PBXFileReference; lastKnownFileType = sourcecode.swift; name = ProfilModel.swift; path = ../ProfilModel.swift; sourceTree = "<group>"; };
		E9AB0B0D2CC91A9600A8759F /* Accueil.swift */ = {isa = PBXFileReference; lastKnownFileType = sourcecode.swift; name = Accueil.swift; path = "/Users/apprenant178/Documents/GitHub/Wordly-Music/Wordy-Music/Accueil.swift"; sourceTree = "<absolute>"; };
/* End PBXFileReference section */

/* Begin PBXFrameworksBuildPhase section */
		7660596B2C9DB29000E0386D /* Frameworks */ = {
			isa = PBXFrameworksBuildPhase;
			buildActionMask = 2147483647;
			files = (
			);
			runOnlyForDeploymentPostprocessing = 0;
		};
/* End PBXFrameworksBuildPhase section */

/* Begin PBXGroup section */
		764A15632CC64FF00037F29F /* Model */ = {
			isa = PBXGroup;
			children = (
				764A15682CC68C0F0037F29F /* Description.swift */,
				764A156E2CC7C8780037F29F /* Sample.swift */,
				E93AB9512CC91D0300182AFD /* ProfilModel.swift */,
			);
			path = Model;
			sourceTree = "<group>";
		};
		764A15642CC64FF90037F29F /* ViewModel */ = {
			isa = PBXGroup;
			children = (
				E93AB94D2CC91CA800182AFD /* ProfilViewModel.swift */,
				764A156A2CC68D710037F29F /* DescriptionViewModel.swift */,
			);
			path = ViewModel;
			sourceTree = "<group>";
		};
		764A15652CC650000037F29F /* View */ = {
			isa = PBXGroup;
			children = (
				764A156C2CC6A1FE0037F29F /* DescriptionView.swift */,
				764A15702CC7DDDA0037F29F /* SampleView.swift */,
				E93AB94F2CC91CE600182AFD /* ProfilView.swift */,
			);
			path = View;
			sourceTree = "<group>";
		};
		766059652C9DB29000E0386D = {
			isa = PBXGroup;
			children = (
				766059702C9DB29000E0386D /* Wordy-Music */,
				7660596F2C9DB29000E0386D /* Products */,
			);
			sourceTree = "<group>";
		};
		7660596F2C9DB29000E0386D /* Products */ = {
			isa = PBXGroup;
			children = (
				7660596E2C9DB29000E0386D /* Wordy-Music.app */,
			);
			name = Products;
			sourceTree = "<group>";
		};
		766059702C9DB29000E0386D /* Wordy-Music */ = {
			isa = PBXGroup;
			children = (
				E9AB0B0D2CC91A9600A8759F /* Accueil.swift */,
				766059712C9DB29000E0386D /* Wordy_MusicApp.swift */,
				766059732C9DB29000E0386D /* ContentView.swift */,
				764A15652CC650000037F29F /* View */,
				764A15642CC64FF90037F29F /* ViewModel */,
				764A15632CC64FF00037F29F /* Model */,
				766059752C9DB29100E0386D /* Assets.xcassets */,
				766059772C9DB29100E0386D /* Preview Content */,
			);
			path = "Wordy-Music";
			sourceTree = "<group>";
		};
		766059772C9DB29100E0386D /* Preview Content */ = {
			isa = PBXGroup;
			children = (
				766059782C9DB29100E0386D /* Preview Assets.xcassets */,
			);
			path = "Preview Content";
			sourceTree = "<group>";
		};
/* End PBXGroup section */

/* Begin PBXNativeTarget section */
		7660596D2C9DB29000E0386D /* Wordy-Music */ = {
			isa = PBXNativeTarget;
			buildConfigurationList = 7660597C2C9DB29100E0386D /* Build configuration list for PBXNativeTarget "Wordy-Music" */;
			buildPhases = (
				7660596A2C9DB29000E0386D /* Sources */,
				7660596B2C9DB29000E0386D /* Frameworks */,
				7660596C2C9DB29000E0386D /* Resources */,
			);
			buildRules = (
			);
			dependencies = (
			);
			name = "Wordy-Music";
			productName = "Wordy-Music";
			productReference = 7660596E2C9DB29000E0386D /* Wordy-Music.app */;
			productType = "com.apple.product-type.application";
		};
/* End PBXNativeTarget section */

/* Begin PBXProject section */
		766059662C9DB29000E0386D /* Project object */ = {
			isa = PBXProject;
			attributes = {
				BuildIndependentTargetsInParallel = 1;
				LastSwiftUpdateCheck = 1540;
				LastUpgradeCheck = 1540;
				TargetAttributes = {
					7660596D2C9DB29000E0386D = {
						CreatedOnToolsVersion = 15.4;
					};
				};
			};
			buildConfigurationList = 766059692C9DB29000E0386D /* Build configuration list for PBXProject "Wordy-Music" */;
			compatibilityVersion = "Xcode 14.0";
			developmentRegion = en;
			hasScannedForEncodings = 0;
			knownRegions = (
				en,
				Base,
				fr,
			);
			mainGroup = 766059652C9DB29000E0386D;
			productRefGroup = 7660596F2C9DB29000E0386D /* Products */;
			projectDirPath = "";
			projectRoot = "";
			targets = (
				7660596D2C9DB29000E0386D /* Wordy-Music */,
			);
		};
/* End PBXProject section */

/* Begin PBXResourcesBuildPhase section */
		7660596C2C9DB29000E0386D /* Resources */ = {
			isa = PBXResourcesBuildPhase;
			buildActionMask = 2147483647;
			files = (
				766059792C9DB29100E0386D /* Preview Assets.xcassets in Resources */,
				766059762C9DB29100E0386D /* Assets.xcassets in Resources */,
			);
			runOnlyForDeploymentPostprocessing = 0;
		};
/* End PBXResourcesBuildPhase section */

/* Begin PBXSourcesBuildPhase section */
		7660596A2C9DB29000E0386D /* Sources */ = {
			isa = PBXSourcesBuildPhase;
			buildActionMask = 2147483647;
			files = (
				764A15692CC68C0F0037F29F /* Description.swift in Sources */,
				764A156F2CC7C8780037F29F /* Sample.swift in Sources */,
				E93AB94E2CC91CA800182AFD /* ProfilViewModel.swift in Sources */,
				764A15712CC7DDDA0037F29F /* SampleView.swift in Sources */,
				E93AB9502CC91CE600182AFD /* ProfilView.swift in Sources */,
				764A156B2CC68D710037F29F /* DescriptionViewModel.swift in Sources */,
				766059742C9DB29000E0386D /* ContentView.swift in Sources */,
				766059722C9DB29000E0386D /* Wordy_MusicApp.swift in Sources */,
				E9AB0B0E2CC91A9600A8759F /* Accueil.swift in Sources */,
				764A156D2CC6A1FE0037F29F /* DescriptionView.swift in Sources */,
				E93AB9522CC91D0300182AFD /* ProfilModel.swift in Sources */,
			);
			runOnlyForDeploymentPostprocessing = 0;
		};
/* End PBXSourcesBuildPhase section */

/* Begin XCBuildConfiguration section */
		7660597A2C9DB29100E0386D /* Debug */ = {
			isa = XCBuildConfiguration;
			buildSettings = {
				ALWAYS_SEARCH_USER_PATHS = NO;
				ASSETCATALOG_COMPILER_GENERATE_SWIFT_ASSET_SYMBOL_EXTENSIONS = YES;
				CLANG_ANALYZER_NONNULL = YES;
				CLANG_ANALYZER_NUMBER_OBJECT_CONVERSION = YES_AGGRESSIVE;
				CLANG_CXX_LANGUAGE_STANDARD = "gnu++20";
				CLANG_ENABLE_MODULES = YES;
				CLANG_ENABLE_OBJC_ARC = YES;
				CLANG_ENABLE_OBJC_WEAK = YES;
				CLANG_WARN_BLOCK_CAPTURE_AUTORELEASING = YES;
				CLANG_WARN_BOOL_CONVERSION = YES;
				CLANG_WARN_COMMA = YES;
				CLANG_WARN_CONSTANT_CONVERSION = YES;
				CLANG_WARN_DEPRECATED_OBJC_IMPLEMENTATIONS = YES;
				CLANG_WARN_DIRECT_OBJC_ISA_USAGE = YES_ERROR;
				CLANG_WARN_DOCUMENTATION_COMMENTS = YES;
				CLANG_WARN_EMPTY_BODY = YES;
				CLANG_WARN_ENUM_CONVERSION = YES;
				CLANG_WARN_INFINITE_RECURSION = YES;
				CLANG_WARN_INT_CONVERSION = YES;
				CLANG_WARN_NON_LITERAL_NULL_CONVERSION = YES;
				CLANG_WARN_OBJC_IMPLICIT_RETAIN_SELF = YES;
				CLANG_WARN_OBJC_LITERAL_CONVERSION = YES;
				CLANG_WARN_OBJC_ROOT_CLASS = YES_ERROR;
				CLANG_WARN_QUOTED_INCLUDE_IN_FRAMEWORK_HEADER = YES;
				CLANG_WARN_RANGE_LOOP_ANALYSIS = YES;
				CLANG_WARN_STRICT_PROTOTYPES = YES;
				CLANG_WARN_SUSPICIOUS_MOVE = YES;
				CLANG_WARN_UNGUARDED_AVAILABILITY = YES_AGGRESSIVE;
				CLANG_WARN_UNREACHABLE_CODE = YES;
				CLANG_WARN__DUPLICATE_METHOD_MATCH = YES;
				COPY_PHASE_STRIP = NO;
				DEBUG_INFORMATION_FORMAT = dwarf;
				ENABLE_STRICT_OBJC_MSGSEND = YES;
				ENABLE_TESTABILITY = YES;
				ENABLE_USER_SCRIPT_SANDBOXING = YES;
				GCC_C_LANGUAGE_STANDARD = gnu17;
				GCC_DYNAMIC_NO_PIC = NO;
				GCC_NO_COMMON_BLOCKS = YES;
				GCC_OPTIMIZATION_LEVEL = 0;
				GCC_PREPROCESSOR_DEFINITIONS = (
					"DEBUG=1",
					"$(inherited)",
				);
				GCC_WARN_64_TO_32_BIT_CONVERSION = YES;
				GCC_WARN_ABOUT_RETURN_TYPE = YES_ERROR;
				GCC_WARN_UNDECLARED_SELECTOR = YES;
				GCC_WARN_UNINITIALIZED_AUTOS = YES_AGGRESSIVE;
				GCC_WARN_UNUSED_FUNCTION = YES;
				GCC_WARN_UNUSED_VARIABLE = YES;
				IPHONEOS_DEPLOYMENT_TARGET = 17.5;
				LOCALIZATION_PREFERS_STRING_CATALOGS = YES;
				MTL_ENABLE_DEBUG_INFO = INCLUDE_SOURCE;
				MTL_FAST_MATH = YES;
				ONLY_ACTIVE_ARCH = YES;
				SDKROOT = iphoneos;
				SWIFT_ACTIVE_COMPILATION_CONDITIONS = "DEBUG $(inherited)";
				SWIFT_OPTIMIZATION_LEVEL = "-Onone";
			};
			name = Debug;
		};
		7660597B2C9DB29100E0386D /* Release */ = {
			isa = XCBuildConfiguration;
			buildSettings = {
				ALWAYS_SEARCH_USER_PATHS = NO;
				ASSETCATALOG_COMPILER_GENERATE_SWIFT_ASSET_SYMBOL_EXTENSIONS = YES;
				CLANG_ANALYZER_NONNULL = YES;
				CLANG_ANALYZER_NUMBER_OBJECT_CONVERSION = YES_AGGRESSIVE;
				CLANG_CXX_LANGUAGE_STANDARD = "gnu++20";
				CLANG_ENABLE_MODULES = YES;
				CLANG_ENABLE_OBJC_ARC = YES;
				CLANG_ENABLE_OBJC_WEAK = YES;
				CLANG_WARN_BLOCK_CAPTURE_AUTORELEASING = YES;
				CLANG_WARN_BOOL_CONVERSION = YES;
				CLANG_WARN_COMMA = YES;
				CLANG_WARN_CONSTANT_CONVERSION = YES;
				CLANG_WARN_DEPRECATED_OBJC_IMPLEMENTATIONS = YES;
				CLANG_WARN_DIRECT_OBJC_ISA_USAGE = YES_ERROR;
				CLANG_WARN_DOCUMENTATION_COMMENTS = YES;
				CLANG_WARN_EMPTY_BODY = YES;
				CLANG_WARN_ENUM_CONVERSION = YES;
				CLANG_WARN_INFINITE_RECURSION = YES;
				CLANG_WARN_INT_CONVERSION = YES;
				CLANG_WARN_NON_LITERAL_NULL_CONVERSION = YES;
				CLANG_WARN_OBJC_IMPLICIT_RETAIN_SELF = YES;
				CLANG_WARN_OBJC_LITERAL_CONVERSION = YES;
				CLANG_WARN_OBJC_ROOT_CLASS = YES_ERROR;
				CLANG_WARN_QUOTED_INCLUDE_IN_FRAMEWORK_HEADER = YES;
				CLANG_WARN_RANGE_LOOP_ANALYSIS = YES;
				CLANG_WARN_STRICT_PROTOTYPES = YES;
				CLANG_WARN_SUSPICIOUS_MOVE = YES;
				CLANG_WARN_UNGUARDED_AVAILABILITY = YES_AGGRESSIVE;
				CLANG_WARN_UNREACHABLE_CODE = YES;
				CLANG_WARN__DUPLICATE_METHOD_MATCH = YES;
				COPY_PHASE_STRIP = NO;
				DEBUG_INFORMATION_FORMAT = "dwarf-with-dsym";
				ENABLE_NS_ASSERTIONS = NO;
				ENABLE_STRICT_OBJC_MSGSEND = YES;
				ENABLE_USER_SCRIPT_SANDBOXING = YES;
				GCC_C_LANGUAGE_STANDARD = gnu17;
				GCC_NO_COMMON_BLOCKS = YES;
				GCC_WARN_64_TO_32_BIT_CONVERSION = YES;
				GCC_WARN_ABOUT_RETURN_TYPE = YES_ERROR;
				GCC_WARN_UNDECLARED_SELECTOR = YES;
				GCC_WARN_UNINITIALIZED_AUTOS = YES_AGGRESSIVE;
				GCC_WARN_UNUSED_FUNCTION = YES;
				GCC_WARN_UNUSED_VARIABLE = YES;
				IPHONEOS_DEPLOYMENT_TARGET = 17.5;
				LOCALIZATION_PREFERS_STRING_CATALOGS = YES;
				MTL_ENABLE_DEBUG_INFO = NO;
				MTL_FAST_MATH = YES;
				SDKROOT = iphoneos;
				SWIFT_COMPILATION_MODE = wholemodule;
				VALIDATE_PRODUCT = YES;
			};
			name = Release;
		};
		7660597D2C9DB29100E0386D /* Debug */ = {
			isa = XCBuildConfiguration;
			buildSettings = {
				ASSETCATALOG_COMPILER_APPICON_NAME = AppIcon;
				ASSETCATALOG_COMPILER_GLOBAL_ACCENT_COLOR_NAME = AccentColor;
				CODE_SIGN_STYLE = Automatic;
				CURRENT_PROJECT_VERSION = 1;
				DEVELOPMENT_ASSET_PATHS = "\"Wordy-Music/Preview Content\"";
				DEVELOPMENT_TEAM = G5S49Q7FLM;
				ENABLE_PREVIEWS = YES;
				GENERATE_INFOPLIST_FILE = YES;
				INFOPLIST_KEY_UIApplicationSceneManifest_Generation = YES;
				INFOPLIST_KEY_UIApplicationSupportsIndirectInputEvents = YES;
				INFOPLIST_KEY_UILaunchScreen_Generation = YES;
				INFOPLIST_KEY_UISupportedInterfaceOrientations_iPad = "UIInterfaceOrientationPortrait UIInterfaceOrientationPortraitUpsideDown UIInterfaceOrientationLandscapeLeft UIInterfaceOrientationLandscapeRight";
				INFOPLIST_KEY_UISupportedInterfaceOrientations_iPhone = "UIInterfaceOrientationPortrait UIInterfaceOrientationLandscapeLeft UIInterfaceOrientationLandscapeRight";
				LD_RUNPATH_SEARCH_PATHS = (
					"$(inherited)",
					"@executable_path/Frameworks",
				);
				MARKETING_VERSION = 1.0;
				PRODUCT_BUNDLE_IDENTIFIER = "emiliano.Wordy-Music";
				PRODUCT_NAME = "$(TARGET_NAME)";
				SWIFT_EMIT_LOC_STRINGS = YES;
				SWIFT_VERSION = 5.0;
				TARGETED_DEVICE_FAMILY = "1,2";
			};
			name = Debug;
		};
		7660597E2C9DB29100E0386D /* Release */ = {
			isa = XCBuildConfiguration;
			buildSettings = {
				ASSETCATALOG_COMPILER_APPICON_NAME = AppIcon;
				ASSETCATALOG_COMPILER_GLOBAL_ACCENT_COLOR_NAME = AccentColor;
				CODE_SIGN_STYLE = Automatic;
				CURRENT_PROJECT_VERSION = 1;
				DEVELOPMENT_ASSET_PATHS = "\"Wordy-Music/Preview Content\"";
				DEVELOPMENT_TEAM = G5S49Q7FLM;
				ENABLE_PREVIEWS = YES;
				GENERATE_INFOPLIST_FILE = YES;
				INFOPLIST_KEY_UIApplicationSceneManifest_Generation = YES;
				INFOPLIST_KEY_UIApplicationSupportsIndirectInputEvents = YES;
				INFOPLIST_KEY_UILaunchScreen_Generation = YES;
				INFOPLIST_KEY_UISupportedInterfaceOrientations_iPad = "UIInterfaceOrientationPortrait UIInterfaceOrientationPortraitUpsideDown UIInterfaceOrientationLandscapeLeft UIInterfaceOrientationLandscapeRight";
				INFOPLIST_KEY_UISupportedInterfaceOrientations_iPhone = "UIInterfaceOrientationPortrait UIInterfaceOrientationLandscapeLeft UIInterfaceOrientationLandscapeRight";
				LD_RUNPATH_SEARCH_PATHS = (
					"$(inherited)",
					"@executable_path/Frameworks",
				);
				MARKETING_VERSION = 1.0;
				PRODUCT_BUNDLE_IDENTIFIER = "emiliano.Wordy-Music";
				PRODUCT_NAME = "$(TARGET_NAME)";
				SWIFT_EMIT_LOC_STRINGS = YES;
				SWIFT_VERSION = 5.0;
				TARGETED_DEVICE_FAMILY = "1,2";
			};
			name = Release;
		};
/* End XCBuildConfiguration section */

/* Begin XCConfigurationList section */
		766059692C9DB29000E0386D /* Build configuration list for PBXProject "Wordy-Music" */ = {
			isa = XCConfigurationList;
			buildConfigurations = (
				7660597A2C9DB29100E0386D /* Debug */,
				7660597B2C9DB29100E0386D /* Release */,
			);
			defaultConfigurationIsVisible = 0;
			defaultConfigurationName = Release;
		};
		7660597C2C9DB29100E0386D /* Build configuration list for PBXNativeTarget "Wordy-Music" */ = {
			isa = XCConfigurationList;
			buildConfigurations = (
				7660597D2C9DB29100E0386D /* Debug */,
				7660597E2C9DB29100E0386D /* Release */,
			);
			defaultConfigurationIsVisible = 0;
			defaultConfigurationName = Release;
		};
/* End XCConfigurationList section */
	};
	rootObject = 766059662C9DB29000E0386D /* Project object */;
}
